// !$*UTF8*$!
{
	archiveVersion = 1;
	classes = {
	};
	objectVersion = 56;
	objects = {

/* Begin PBXBuildFile section */
		BC7054412B1D944E00005F71 /* AxisStackView.swift in Sources */ = {isa = PBXBuildFile; fileRef = BC7054402B1D944E00005F71 /* AxisStackView.swift */; };
		BC7054432B1D9E3B00005F71 /* IconsAndSFView.swift in Sources */ = {isa = PBXBuildFile; fileRef = BC7054422B1D9E3B00005F71 /* IconsAndSFView.swift */; };
		BC7054462B1DA39400005F71 /* LabelView.swift in Sources */ = {isa = PBXBuildFile; fileRef = BC7054452B1DA39400005F71 /* LabelView.swift */; };
		BC73CF182B1C2CFB0022E98B /* SwiftUIDemoApp.swift in Sources */ = {isa = PBXBuildFile; fileRef = BC73CF172B1C2CFB0022E98B /* SwiftUIDemoApp.swift */; };
		BC73CF1A2B1C2CFB0022E98B /* ContentView.swift in Sources */ = {isa = PBXBuildFile; fileRef = BC73CF192B1C2CFB0022E98B /* ContentView.swift */; };
		BC73CF1C2B1C2CFE0022E98B /* Assets.xcassets in Resources */ = {isa = PBXBuildFile; fileRef = BC73CF1B2B1C2CFE0022E98B /* Assets.xcassets */; };
		BC73CF1F2B1C2CFE0022E98B /* Preview Assets.xcassets in Resources */ = {isa = PBXBuildFile; fileRef = BC73CF1E2B1C2CFE0022E98B /* Preview Assets.xcassets */; };
		BC73CF262B1C2D3D0022E98B /* TextView.swift in Sources */ = {isa = PBXBuildFile; fileRef = BC73CF252B1C2D3D0022E98B /* TextView.swift */; };
		BCEEF8C42B1C470400E61AD5 /* Content.swift in Sources */ = {isa = PBXBuildFile; fileRef = BCEEF8C32B1C470400E61AD5 /* Content.swift */; };
		BCEEF8C62B1C479C00E61AD5 /* ImageView.swift in Sources */ = {isa = PBXBuildFile; fileRef = BCEEF8C52B1C479C00E61AD5 /* ImageView.swift */; };
/* End PBXBuildFile section */

/* Begin PBXFileReference section */
		BC7054402B1D944E00005F71 /* AxisStackView.swift */ = {isa = PBXFileReference; lastKnownFileType = sourcecode.swift; path = AxisStackView.swift; sourceTree = "<group>"; };
		BC7054422B1D9E3B00005F71 /* IconsAndSFView.swift */ = {isa = PBXFileReference; lastKnownFileType = sourcecode.swift; path = IconsAndSFView.swift; sourceTree = "<group>"; };
		BC7054452B1DA39400005F71 /* LabelView.swift */ = {isa = PBXFileReference; lastKnownFileType = sourcecode.swift; path = LabelView.swift; sourceTree = "<group>"; };
		BC73CF142B1C2CFB0022E98B /* SwiftUIDemo.app */ = {isa = PBXFileReference; explicitFileType = wrapper.application; includeInIndex = 0; path = SwiftUIDemo.app; sourceTree = BUILT_PRODUCTS_DIR; };
		BC73CF172B1C2CFB0022E98B /* SwiftUIDemoApp.swift */ = {isa = PBXFileReference; lastKnownFileType = sourcecode.swift; path = SwiftUIDemoApp.swift; sourceTree = "<group>"; };
		BC73CF192B1C2CFB0022E98B /* ContentView.swift */ = {isa = PBXFileReference; lastKnownFileType = sourcecode.swift; path = ContentView.swift; sourceTree = "<group>"; };
		BC73CF1B2B1C2CFE0022E98B /* Assets.xcassets */ = {isa = PBXFileReference; lastKnownFileType = folder.assetcatalog; path = Assets.xcassets; sourceTree = "<group>"; };
		BC73CF1E2B1C2CFE0022E98B /* Preview Assets.xcassets */ = {isa = PBXFileReference; lastKnownFileType = folder.assetcatalog; path = "Preview Assets.xcassets"; sourceTree = "<group>"; };
		BC73CF252B1C2D3D0022E98B /* TextView.swift */ = {isa = PBXFileReference; lastKnownFileType = sourcecode.swift; path = TextView.swift; sourceTree = "<group>"; };
		BCEEF8C32B1C470400E61AD5 /* Content.swift */ = {isa = PBXFileReference; lastKnownFileType = sourcecode.swift; path = Content.swift; sourceTree = "<group>"; };
		BCEEF8C52B1C479C00E61AD5 /* ImageView.swift */ = {isa = PBXFileReference; lastKnownFileType = sourcecode.swift; path = ImageView.swift; sourceTree = "<group>"; };
/* End PBXFileReference section */

/* Begin PBXFrameworksBuildPhase section */
		BC73CF112B1C2CFB0022E98B /* Frameworks */ = {
			isa = PBXFrameworksBuildPhase;
			buildActionMask = 2147483647;
			files = (
			);
			runOnlyForDeploymentPostprocessing = 0;
		};
/* End PBXFrameworksBuildPhase section */

/* Begin PBXGroup section */
		BC7054442B1D9E6900005F71 /* Components */ = {
			isa = PBXGroup;
			children = (
				BC7054402B1D944E00005F71 /* AxisStackView.swift */,
				BC73CF252B1C2D3D0022E98B /* TextView.swift */,
				BCEEF8C52B1C479C00E61AD5 /* ImageView.swift */,
				BC7054422B1D9E3B00005F71 /* IconsAndSFView.swift */,
				BC7054452B1DA39400005F71 /* LabelView.swift */,
			);
			path = Components;
			sourceTree = "<group>";
		};
		BC73CF0B2B1C2CFB0022E98B = {
			isa = PBXGroup;
			children = (
				BC73CF162B1C2CFB0022E98B /* SwiftUIDemo */,
				BC73CF152B1C2CFB0022E98B /* Products */,
			);
			sourceTree = "<group>";
		};
		BC73CF152B1C2CFB0022E98B /* Products */ = {
			isa = PBXGroup;
			children = (
				BC73CF142B1C2CFB0022E98B /* SwiftUIDemo.app */,
			);
			name = Products;
			sourceTree = "<group>";
		};
		BC73CF162B1C2CFB0022E98B /* SwiftUIDemo */ = {
			isa = PBXGroup;
			children = (
				BC73CF172B1C2CFB0022E98B /* SwiftUIDemoApp.swift */,
				BC73CF192B1C2CFB0022E98B /* ContentView.swift */,
				BC7054442B1D9E6900005F71 /* Components */,
				BCEEF8C32B1C470400E61AD5 /* Content.swift */,
				BC73CF1B2B1C2CFE0022E98B /* Assets.xcassets */,
				BC73CF1D2B1C2CFE0022E98B /* Preview Content */,
			);
			path = SwiftUIDemo;
			sourceTree = "<group>";
		};
		BC73CF1D2B1C2CFE0022E98B /* Preview Content */ = {
			isa = PBXGroup;
			children = (
				BC73CF1E2B1C2CFE0022E98B /* Preview Assets.xcassets */,
			);
			path = "Preview Content";
			sourceTree = "<group>";
		};
/* End PBXGroup section */

/* Begin PBXNativeTarget section */
		BC73CF132B1C2CFB0022E98B /* SwiftUIDemo */ = {
			isa = PBXNativeTarget;
			buildConfigurationList = BC73CF222B1C2CFE0022E98B /* Build configuration list for PBXNativeTarget "SwiftUIDemo" */;
			buildPhases = (
				BC73CF102B1C2CFB0022E98B /* Sources */,
				BC73CF112B1C2CFB0022E98B /* Frameworks */,
				BC73CF122B1C2CFB0022E98B /* Resources */,
			);
			buildRules = (
			);
			dependencies = (
			);
			name = SwiftUIDemo;
			productName = SwiftUIDemo;
			productReference = BC73CF142B1C2CFB0022E98B /* SwiftUIDemo.app */;
			productType = "com.apple.product-type.application";
		};
/* End PBXNativeTarget section */

/* Begin PBXProject section */
		BC73CF0C2B1C2CFB0022E98B /* Project object */ = {
			isa = PBXProject;
			attributes = {
				BuildIndependentTargetsInParallel = 1;
				LastSwiftUpdateCheck = 1500;
				LastUpgradeCheck = 1500;
				TargetAttributes = {
					BC73CF132B1C2CFB0022E98B = {
						CreatedOnToolsVersion = 15.0;
					};
				};
			};
			buildConfigurationList = BC73CF0F2B1C2CFB0022E98B /* Build configuration list for PBXProject "SwiftUIDemo" */;
			compatibilityVersion = "Xcode 14.0";
			developmentRegion = en;
			hasScannedForEncodings = 0;
			knownRegions = (
				en,
				Base,
			);
			mainGroup = BC73CF0B2B1C2CFB0022E98B;
			productRefGroup = BC73CF152B1C2CFB0022E98B /* Products */;
			projectDirPath = "";
			projectRoot = "";
			targets = (
				BC73CF132B1C2CFB0022E98B /* SwiftUIDemo */,
			);
		};
/* End PBXProject section */

/* Begin PBXResourcesBuildPhase section */
		BC73CF122B1C2CFB0022E98B /* Resources */ = {
			isa = PBXResourcesBuildPhase;
			buildActionMask = 2147483647;
			files = (
				BC73CF1F2B1C2CFE0022E98B /* Preview Assets.xcassets in Resources */,
				BC73CF1C2B1C2CFE0022E98B /* Assets.xcassets in Resources */,
			);
			runOnlyForDeploymentPostprocessing = 0;
		};
/* End PBXResourcesBuildPhase section */

/* Begin PBXSourcesBuildPhase section */
		BC73CF102B1C2CFB0022E98B /* Sources */ = {
			isa = PBXSourcesBuildPhase;
			buildActionMask = 2147483647;
			files = (
				BCEEF8C62B1C479C00E61AD5 /* ImageView.swift in Sources */,
				BC73CF1A2B1C2CFB0022E98B /* ContentView.swift in Sources */,
				BC73CF262B1C2D3D0022E98B /* TextView.swift in Sources */,
				BC7054412B1D944E00005F71 /* AxisStackView.swift in Sources */,
				BC7054432B1D9E3B00005F71 /* IconsAndSFView.swift in Sources */,
				BC7054462B1DA39400005F71 /* LabelView.swift in Sources */,
				BC73CF182B1C2CFB0022E98B /* SwiftUIDemoApp.swift in Sources */,
				BCEEF8C42B1C470400E61AD5 /* Content.swift in Sources */,
			);
			runOnlyForDeploymentPostprocessing = 0;
		};
/* End PBXSourcesBuildPhase section */

/* Begin XCBuildConfiguration section */
		BC73CF202B1C2CFE0022E98B /* Debug */ = {
			isa = XCBuildConfiguration;
			buildSettings = {
				ALWAYS_SEARCH_USER_PATHS = NO;
				ASSETCATALOG_COMPILER_GENERATE_SWIFT_ASSET_SYMBOL_EXTENSIONS = YES;
				CLANG_ANALYZER_NONNULL = YES;
				CLANG_ANALYZER_NUMBER_OBJECT_CONVERSION = YES_AGGRESSIVE;
				CLANG_CXX_LANGUAGE_STANDARD = "gnu++20";
				CLANG_ENABLE_MODULES = YES;
				CLANG_ENABLE_OBJC_ARC = YES;
				CLANG_ENABLE_OBJC_WEAK = YES;
				CLANG_WARN_BLOCK_CAPTURE_AUTORELEASING = YES;
				CLANG_WARN_BOOL_CONVERSION = YES;
				CLANG_WARN_COMMA = YES;
				CLANG_WARN_CONSTANT_CONVERSION = YES;
				CLANG_WARN_DEPRECATED_OBJC_IMPLEMENTATIONS = YES;
				CLANG_WARN_DIRECT_OBJC_ISA_USAGE = YES_ERROR;
				CLANG_WARN_DOCUMENTATION_COMMENTS = YES;
				CLANG_WARN_EMPTY_BODY = YES;
				CLANG_WARN_ENUM_CONVERSION = YES;
				CLANG_WARN_INFINITE_RECURSION = YES;
				CLANG_WARN_INT_CONVERSION = YES;
				CLANG_WARN_NON_LITERAL_NULL_CONVERSION = YES;
				CLANG_WARN_OBJC_IMPLICIT_RETAIN_SELF = YES;
				CLANG_WARN_OBJC_LITERAL_CONVERSION = YES;
				CLANG_WARN_OBJC_ROOT_CLASS = YES_ERROR;
				CLANG_WARN_QUOTED_INCLUDE_IN_FRAMEWORK_HEADER = YES;
				CLANG_WARN_RANGE_LOOP_ANALYSIS = YES;
				CLANG_WARN_STRICT_PROTOTYPES = YES;
				CLANG_WARN_SUSPICIOUS_MOVE = YES;
				CLANG_WARN_UNGUARDED_AVAILABILITY = YES_AGGRESSIVE;
				CLANG_WARN_UNREACHABLE_CODE = YES;
				CLANG_WARN__DUPLICATE_METHOD_MATCH = YES;
				COPY_PHASE_STRIP = NO;
				DEBUG_INFORMATION_FORMAT = dwarf;
				ENABLE_STRICT_OBJC_MSGSEND = YES;
				ENABLE_TESTABILITY = YES;
				ENABLE_USER_SCRIPT_SANDBOXING = YES;
				GCC_C_LANGUAGE_STANDARD = gnu17;
				GCC_DYNAMIC_NO_PIC = NO;
				GCC_NO_COMMON_BLOCKS = YES;
				GCC_OPTIMIZATION_LEVEL = 0;
				GCC_PREPROCESSOR_DEFINITIONS = (
					"DEBUG=1",
					"$(inherited)",
				);
				GCC_WARN_64_TO_32_BIT_CONVERSION = YES;
				GCC_WARN_ABOUT_RETURN_TYPE = YES_ERROR;
				GCC_WARN_UNDECLARED_SELECTOR = YES;
				GCC_WARN_UNINITIALIZED_AUTOS = YES_AGGRESSIVE;
				GCC_WARN_UNUSED_FUNCTION = YES;
				GCC_WARN_UNUSED_VARIABLE = YES;
				IPHONEOS_DEPLOYMENT_TARGET = 17.0;
				LOCALIZATION_PREFERS_STRING_CATALOGS = YES;
				MTL_ENABLE_DEBUG_INFO = INCLUDE_SOURCE;
				MTL_FAST_MATH = YES;
				ONLY_ACTIVE_ARCH = YES;
				SDKROOT = iphoneos;
				SWIFT_ACTIVE_COMPILATION_CONDITIONS = "DEBUG $(inherited)";
				SWIFT_OPTIMIZATION_LEVEL = "-Onone";
			};
			name = Debug;
		};
		BC73CF212B1C2CFE0022E98B /* Release */ = {
			isa = XCBuildConfiguration;
			buildSettings = {
				ALWAYS_SEARCH_USER_PATHS = NO;
				ASSETCATALOG_COMPILER_GENERATE_SWIFT_ASSET_SYMBOL_EXTENSIONS = YES;
				CLANG_ANALYZER_NONNULL = YES;
				CLANG_ANALYZER_NUMBER_OBJECT_CONVERSION = YES_AGGRESSIVE;
				CLANG_CXX_LANGUAGE_STANDARD = "gnu++20";
				CLANG_ENABLE_MODULES = YES;
				CLANG_ENABLE_OBJC_ARC = YES;
				CLANG_ENABLE_OBJC_WEAK = YES;
				CLANG_WARN_BLOCK_CAPTURE_AUTORELEASING = YES;
				CLANG_WARN_BOOL_CONVERSION = YES;
				CLANG_WARN_COMMA = YES;
				CLANG_WARN_CONSTANT_CONVERSION = YES;
				CLANG_WARN_DEPRECATED_OBJC_IMPLEMENTATIONS = YES;
				CLANG_WARN_DIRECT_OBJC_ISA_USAGE = YES_ERROR;
				CLANG_WARN_DOCUMENTATION_COMMENTS = YES;
				CLANG_WARN_EMPTY_BODY = YES;
				CLANG_WARN_ENUM_CONVERSION = YES;
				CLANG_WARN_INFINITE_RECURSION = YES;
				CLANG_WARN_INT_CONVERSION = YES;
				CLANG_WARN_NON_LITERAL_NULL_CONVERSION = YES;
				CLANG_WARN_OBJC_IMPLICIT_RETAIN_SELF = YES;
				CLANG_WARN_OBJC_LITERAL_CONVERSION = YES;
				CLANG_WARN_OBJC_ROOT_CLASS = YES_ERROR;
				CLANG_WARN_QUOTED_INCLUDE_IN_FRAMEWORK_HEADER = YES;
				CLANG_WARN_RANGE_LOOP_ANALYSIS = YES;
				CLANG_WARN_STRICT_PROTOTYPES = YES;
				CLANG_WARN_SUSPICIOUS_MOVE = YES;
				CLANG_WARN_UNGUARDED_AVAILABILITY = YES_AGGRESSIVE;
				CLANG_WARN_UNREACHABLE_CODE = YES;
				CLANG_WARN__DUPLICATE_METHOD_MATCH = YES;
				COPY_PHASE_STRIP = NO;
				DEBUG_INFORMATION_FORMAT = "dwarf-with-dsym";
				ENABLE_NS_ASSERTIONS = NO;
				ENABLE_STRICT_OBJC_MSGSEND = YES;
				ENABLE_USER_SCRIPT_SANDBOXING = YES;
				GCC_C_LANGUAGE_STANDARD = gnu17;
				GCC_NO_COMMON_BLOCKS = YES;
				GCC_WARN_64_TO_32_BIT_CONVERSION = YES;
				GCC_WARN_ABOUT_RETURN_TYPE = YES_ERROR;
				GCC_WARN_UNDECLARED_SELECTOR = YES;
				GCC_WARN_UNINITIALIZED_AUTOS = YES_AGGRESSIVE;
				GCC_WARN_UNUSED_FUNCTION = YES;
				GCC_WARN_UNUSED_VARIABLE = YES;
				IPHONEOS_DEPLOYMENT_TARGET = 17.0;
				LOCALIZATION_PREFERS_STRING_CATALOGS = YES;
				MTL_ENABLE_DEBUG_INFO = NO;
				MTL_FAST_MATH = YES;
				SDKROOT = iphoneos;
				SWIFT_COMPILATION_MODE = wholemodule;
				VALIDATE_PRODUCT = YES;
			};
			name = Release;
		};
		BC73CF232B1C2CFE0022E98B /* Debug */ = {
			isa = XCBuildConfiguration;
			buildSettings = {
				ASSETCATALOG_COMPILER_APPICON_NAME = AppIcon;
				ASSETCATALOG_COMPILER_GLOBAL_ACCENT_COLOR_NAME = AccentColor;
				CODE_SIGN_STYLE = Automatic;
				CURRENT_PROJECT_VERSION = 1;
				DEVELOPMENT_ASSET_PATHS = "\"SwiftUIDemo/Preview Content\"";
				DEVELOPMENT_TEAM = HA6847M65W;
				ENABLE_PREVIEWS = YES;
				GENERATE_INFOPLIST_FILE = YES;
				INFOPLIST_KEY_UIApplicationSceneManifest_Generation = YES;
				INFOPLIST_KEY_UIApplicationSupportsIndirectInputEvents = YES;
				INFOPLIST_KEY_UILaunchScreen_Generation = YES;
				INFOPLIST_KEY_UISupportedInterfaceOrientations_iPad = "UIInterfaceOrientationPortrait UIInterfaceOrientationPortraitUpsideDown UIInterfaceOrientationLandscapeLeft UIInterfaceOrientationLandscapeRight";
				INFOPLIST_KEY_UISupportedInterfaceOrientations_iPhone = "UIInterfaceOrientationPortrait UIInterfaceOrientationLandscapeLeft UIInterfaceOrientationLandscapeRight";
				LD_RUNPATH_SEARCH_PATHS = (
					"$(inherited)",
					"@executable_path/Frameworks",
				);
				MARKETING_VERSION = 1.0;
				PRODUCT_BUNDLE_IDENTIFIER = COM.rodolfoGonzalez.SwiftUIDemo;
				PRODUCT_NAME = "$(TARGET_NAME)";
				SWIFT_EMIT_LOC_STRINGS = YES;
				SWIFT_VERSION = 5.0;
				TARGETED_DEVICE_FAMILY = "1,2";
			};
			name = Debug;
		};
		BC73CF242B1C2CFE0022E98B /* Release */ = {
			isa = XCBuildConfiguration;
			buildSettings = {
				ASSETCATALOG_COMPILER_APPICON_NAME = AppIcon;
				ASSETCATALOG_COMPILER_GLOBAL_ACCENT_COLOR_NAME = AccentColor;
				CODE_SIGN_STYLE = Automatic;
				CURRENT_PROJECT_VERSION = 1;
				DEVELOPMENT_ASSET_PATHS = "\"SwiftUIDemo/Preview Content\"";
				DEVELOPMENT_TEAM = HA6847M65W;
				ENABLE_PREVIEWS = YES;
				GENERATE_INFOPLIST_FILE = YES;
				INFOPLIST_KEY_UIApplicationSceneManifest_Generation = YES;
				INFOPLIST_KEY_UIApplicationSupportsIndirectInputEvents = YES;
				INFOPLIST_KEY_UILaunchScreen_Generation = YES;
				INFOPLIST_KEY_UISupportedInterfaceOrientations_iPad = "UIInterfaceOrientationPortrait UIInterfaceOrientationPortraitUpsideDown UIInterfaceOrientationLandscapeLeft UIInterfaceOrientationLandscapeRight";
				INFOPLIST_KEY_UISupportedInterfaceOrientations_iPhone = "UIInterfaceOrientationPortrait UIInterfaceOrientationLandscapeLeft UIInterfaceOrientationLandscapeRight";
				LD_RUNPATH_SEARCH_PATHS = (
					"$(inherited)",
					"@executable_path/Frameworks",
				);
				MARKETING_VERSION = 1.0;
				PRODUCT_BUNDLE_IDENTIFIER = COM.rodolfoGonzalez.SwiftUIDemo;
				PRODUCT_NAME = "$(TARGET_NAME)";
				SWIFT_EMIT_LOC_STRINGS = YES;
				SWIFT_VERSION = 5.0;
				TARGETED_DEVICE_FAMILY = "1,2";
			};
			name = Release;
		};
/* End XCBuildConfiguration section */

/* Begin XCConfigurationList section */
		BC73CF0F2B1C2CFB0022E98B /* Build configuration list for PBXProject "SwiftUIDemo" */ = {
			isa = XCConfigurationList;
			buildConfigurations = (
				BC73CF202B1C2CFE0022E98B /* Debug */,
				BC73CF212B1C2CFE0022E98B /* Release */,
			);
			defaultConfigurationIsVisible = 0;
			defaultConfigurationName = Release;
		};
		BC73CF222B1C2CFE0022E98B /* Build configuration list for PBXNativeTarget "SwiftUIDemo" */ = {
			isa = XCConfigurationList;
			buildConfigurations = (
				BC73CF232B1C2CFE0022E98B /* Debug */,
				BC73CF242B1C2CFE0022E98B /* Release */,
			);
			defaultConfigurationIsVisible = 0;
			defaultConfigurationName = Release;
		};
/* End XCConfigurationList section */
	};
	rootObject = BC73CF0C2B1C2CFB0022E98B /* Project object */;
}
